// !$*UTF8*$!
{
	archiveVersion = 1;
	classes = {
	};
	objectVersion = 50;
	objects = {

/* Begin PBXBuildFile section */
		FACBF5632701B5170082A1A2 /* My_First_Card_AppApp.swift in Sources */ = {isa = PBXBuildFile; fileRef = FACBF5622701B5170082A1A2 /* My_First_Card_AppApp.swift */; };
		FACBF5652701B5170082A1A2 /* ContentView.swift in Sources */ = {isa = PBXBuildFile; fileRef = FACBF5642701B5170082A1A2 /* ContentView.swift */; };
		FACBF5672701B5180082A1A2 /* Assets.xcassets in Resources */ = {isa = PBXBuildFile; fileRef = FACBF5662701B5180082A1A2 /* Assets.xcassets */; };
		FACBF56A2701B5180082A1A2 /* Preview Assets.xcassets in Resources */ = {isa = PBXBuildFile; fileRef = FACBF5692701B5180082A1A2 /* Preview Assets.xcassets */; };
		FACBF5752701B5180082A1A2 /* My_First_Card_AppTests.swift in Sources */ = {isa = PBXBuildFile; fileRef = FACBF5742701B5180082A1A2 /* My_First_Card_AppTests.swift */; };
		FACBF5802701B5190082A1A2 /* My_First_Card_AppUITests.swift in Sources */ = {isa = PBXBuildFile; fileRef = FACBF57F2701B5190082A1A2 /* My_First_Card_AppUITests.swift */; };
/* End PBXBuildFile section */

/* Begin PBXContainerItemProxy section */
		FACBF5712701B5180082A1A2 /* PBXContainerItemProxy */ = {
			isa = PBXContainerItemProxy;
			containerPortal = FACBF5572701B5170082A1A2 /* Project object */;
			proxyType = 1;
			remoteGlobalIDString = FACBF55E2701B5170082A1A2;
			remoteInfo = "My First Card App";
		};
		FACBF57C2701B5190082A1A2 /* PBXContainerItemProxy */ = {
			isa = PBXContainerItemProxy;
			containerPortal = FACBF5572701B5170082A1A2 /* Project object */;
			proxyType = 1;
			remoteGlobalIDString = FACBF55E2701B5170082A1A2;
			remoteInfo = "My First Card App";
		};
/* End PBXContainerItemProxy section */

/* Begin PBXFileReference section */
		FACBF55F2701B5170082A1A2 /* My First Card App.app */ = {isa = PBXFileReference; explicitFileType = wrapper.application; includeInIndex = 0; path = "My First Card App.app"; sourceTree = BUILT_PRODUCTS_DIR; };
		FACBF5622701B5170082A1A2 /* My_First_Card_AppApp.swift */ = {isa = PBXFileReference; lastKnownFileType = sourcecode.swift; path = My_First_Card_AppApp.swift; sourceTree = "<group>"; };
		FACBF5642701B5170082A1A2 /* ContentView.swift */ = {isa = PBXFileReference; lastKnownFileType = sourcecode.swift; path = ContentView.swift; sourceTree = "<group>"; };
		FACBF5662701B5180082A1A2 /* Assets.xcassets */ = {isa = PBXFileReference; lastKnownFileType = folder.assetcatalog; path = Assets.xcassets; sourceTree = "<group>"; };
		FACBF5692701B5180082A1A2 /* Preview Assets.xcassets */ = {isa = PBXFileReference; lastKnownFileType = folder.assetcatalog; path = "Preview Assets.xcassets"; sourceTree = "<group>"; };
		FACBF56B2701B5180082A1A2 /* Info.plist */ = {isa = PBXFileReference; lastKnownFileType = text.plist.xml; path = Info.plist; sourceTree = "<group>"; };
		FACBF5702701B5180082A1A2 /* My First Card AppTests.xctest */ = {isa = PBXFileReference; explicitFileType = wrapper.cfbundle; includeInIndex = 0; path = "My First Card AppTests.xctest"; sourceTree = BUILT_PRODUCTS_DIR; };
		FACBF5742701B5180082A1A2 /* My_First_Card_AppTests.swift */ = {isa = PBXFileReference; lastKnownFileType = sourcecode.swift; path = My_First_Card_AppTests.swift; sourceTree = "<group>"; };
		FACBF5762701B5180082A1A2 /* Info.plist */ = {isa = PBXFileReference; lastKnownFileType = text.plist.xml; path = Info.plist; sourceTree = "<group>"; };
		FACBF57B2701B5190082A1A2 /* My First Card AppUITests.xctest */ = {isa = PBXFileReference; explicitFileType = wrapper.cfbundle; includeInIndex = 0; path = "My First Card AppUITests.xctest"; sourceTree = BUILT_PRODUCTS_DIR; };
		FACBF57F2701B5190082A1A2 /* My_First_Card_AppUITests.swift */ = {isa = PBXFileReference; lastKnownFileType = sourcecode.swift; path = My_First_Card_AppUITests.swift; sourceTree = "<group>"; };
		FACBF5812701B5190082A1A2 /* Info.plist */ = {isa = PBXFileReference; lastKnownFileType = text.plist.xml; path = Info.plist; sourceTree = "<group>"; };
/* End PBXFileReference section */

/* Begin PBXFrameworksBuildPhase section */
		FACBF55C2701B5170082A1A2 /* Frameworks */ = {
			isa = PBXFrameworksBuildPhase;
			buildActionMask = 2147483647;
			files = (
			);
			runOnlyForDeploymentPostprocessing = 0;
		};
		FACBF56D2701B5180082A1A2 /* Frameworks */ = {
			isa = PBXFrameworksBuildPhase;
			buildActionMask = 2147483647;
			files = (
			);
			runOnlyForDeploymentPostprocessing = 0;
		};
		FACBF5782701B5190082A1A2 /* Frameworks */ = {
			isa = PBXFrameworksBuildPhase;
			buildActionMask = 2147483647;
			files = (
			);
			runOnlyForDeploymentPostprocessing = 0;
		};
/* End PBXFrameworksBuildPhase section */

/* Begin PBXGroup section */
		FACBF5562701B5170082A1A2 = {
			isa = PBXGroup;
			children = (
				FACBF5612701B5170082A1A2 /* My First Card App */,
				FACBF5732701B5180082A1A2 /* My First Card AppTests */,
				FACBF57E2701B5190082A1A2 /* My First Card AppUITests */,
				FACBF5602701B5170082A1A2 /* Products */,
			);
			sourceTree = "<group>";
		};
		FACBF5602701B5170082A1A2 /* Products */ = {
			isa = PBXGroup;
			children = (
				FACBF55F2701B5170082A1A2 /* My First Card App.app */,
				FACBF5702701B5180082A1A2 /* My First Card AppTests.xctest */,
				FACBF57B2701B5190082A1A2 /* My First Card AppUITests.xctest */,
			);
			name = Products;
			sourceTree = "<group>";
		};
		FACBF5612701B5170082A1A2 /* My First Card App */ = {
			isa = PBXGroup;
			children = (
				FACBF5622701B5170082A1A2 /* My_First_Card_AppApp.swift */,
				FACBF5642701B5170082A1A2 /* ContentView.swift */,
				FACBF5662701B5180082A1A2 /* Assets.xcassets */,
				FACBF56B2701B5180082A1A2 /* Info.plist */,
				FACBF5682701B5180082A1A2 /* Preview Content */,
			);
			path = "My First Card App";
			sourceTree = "<group>";
		};
		FACBF5682701B5180082A1A2 /* Preview Content */ = {
			isa = PBXGroup;
			children = (
				FACBF5692701B5180082A1A2 /* Preview Assets.xcassets */,
			);
			path = "Preview Content";
			sourceTree = "<group>";
		};
		FACBF5732701B5180082A1A2 /* My First Card AppTests */ = {
			isa = PBXGroup;
			children = (
				FACBF5742701B5180082A1A2 /* My_First_Card_AppTests.swift */,
				FACBF5762701B5180082A1A2 /* Info.plist */,
			);
			path = "My First Card AppTests";
			sourceTree = "<group>";
		};
		FACBF57E2701B5190082A1A2 /* My First Card AppUITests */ = {
			isa = PBXGroup;
			children = (
				FACBF57F2701B5190082A1A2 /* My_First_Card_AppUITests.swift */,
				FACBF5812701B5190082A1A2 /* Info.plist */,
			);
			path = "My First Card AppUITests";
			sourceTree = "<group>";
		};
/* End PBXGroup section */

/* Begin PBXNativeTarget section */
		FACBF55E2701B5170082A1A2 /* My First Card App */ = {
			isa = PBXNativeTarget;
			buildConfigurationList = FACBF5842701B5190082A1A2 /* Build configuration list for PBXNativeTarget "My First Card App" */;
			buildPhases = (
				FACBF55B2701B5170082A1A2 /* Sources */,
				FACBF55C2701B5170082A1A2 /* Frameworks */,
				FACBF55D2701B5170082A1A2 /* Resources */,
			);
			buildRules = (
			);
			dependencies = (
			);
			name = "My First Card App";
			productName = "My First Card App";
			productReference = FACBF55F2701B5170082A1A2 /* My First Card App.app */;
			productType = "com.apple.product-type.application";
		};
		FACBF56F2701B5180082A1A2 /* My First Card AppTests */ = {
			isa = PBXNativeTarget;
			buildConfigurationList = FACBF5872701B5190082A1A2 /* Build configuration list for PBXNativeTarget "My First Card AppTests" */;
			buildPhases = (
				FACBF56C2701B5180082A1A2 /* Sources */,
				FACBF56D2701B5180082A1A2 /* Frameworks */,
				FACBF56E2701B5180082A1A2 /* Resources */,
			);
			buildRules = (
			);
			dependencies = (
				FACBF5722701B5180082A1A2 /* PBXTargetDependency */,
			);
			name = "My First Card AppTests";
			productName = "My First Card AppTests";
			productReference = FACBF5702701B5180082A1A2 /* My First Card AppTests.xctest */;
			productType = "com.apple.product-type.bundle.unit-test";
		};
		FACBF57A2701B5190082A1A2 /* My First Card AppUITests */ = {
			isa = PBXNativeTarget;
			buildConfigurationList = FACBF58A2701B5190082A1A2 /* Build configuration list for PBXNativeTarget "My First Card AppUITests" */;
			buildPhases = (
				FACBF5772701B5190082A1A2 /* Sources */,
				FACBF5782701B5190082A1A2 /* Frameworks */,
				FACBF5792701B5190082A1A2 /* Resources */,
			);
			buildRules = (
			);
			dependencies = (
				FACBF57D2701B5190082A1A2 /* PBXTargetDependency */,
			);
			name = "My First Card AppUITests";
			productName = "My First Card AppUITests";
			productReference = FACBF57B2701B5190082A1A2 /* My First Card AppUITests.xctest */;
			productType = "com.apple.product-type.bundle.ui-testing";
		};
/* End PBXNativeTarget section */

/* Begin PBXProject section */
		FACBF5572701B5170082A1A2 /* Project object */ = {
			isa = PBXProject;
			attributes = {
				LastSwiftUpdateCheck = 1240;
				LastUpgradeCheck = 1240;
				TargetAttributes = {
					FACBF55E2701B5170082A1A2 = {
						CreatedOnToolsVersion = 12.4;
					};
					FACBF56F2701B5180082A1A2 = {
						CreatedOnToolsVersion = 12.4;
						TestTargetID = FACBF55E2701B5170082A1A2;
					};
					FACBF57A2701B5190082A1A2 = {
						CreatedOnToolsVersion = 12.4;
						TestTargetID = FACBF55E2701B5170082A1A2;
					};
				};
			};
			buildConfigurationList = FACBF55A2701B5170082A1A2 /* Build configuration list for PBXProject "My First Card App" */;
			compatibilityVersion = "Xcode 9.3";
			developmentRegion = en;
			hasScannedForEncodings = 0;
			knownRegions = (
				en,
				Base,
			);
			mainGroup = FACBF5562701B5170082A1A2;
			productRefGroup = FACBF5602701B5170082A1A2 /* Products */;
			projectDirPath = "";
			projectRoot = "";
			targets = (
				FACBF55E2701B5170082A1A2 /* My First Card App */,
				FACBF56F2701B5180082A1A2 /* My First Card AppTests */,
				FACBF57A2701B5190082A1A2 /* My First Card AppUITests */,
			);
		};
/* End PBXProject section */

/* Begin PBXResourcesBuildPhase section */
		FACBF55D2701B5170082A1A2 /* Resources */ = {
			isa = PBXResourcesBuildPhase;
			buildActionMask = 2147483647;
			files = (
				FACBF56A2701B5180082A1A2 /* Preview Assets.xcassets in Resources */,
				FACBF5672701B5180082A1A2 /* Assets.xcassets in Resources */,
			);
			runOnlyForDeploymentPostprocessing = 0;
		};
		FACBF56E2701B5180082A1A2 /* Resources */ = {
			isa = PBXResourcesBuildPhase;
			buildActionMask = 2147483647;
			files = (
			);
			runOnlyForDeploymentPostprocessing = 0;
		};
		FACBF5792701B5190082A1A2 /* Resources */ = {
			isa = PBXResourcesBuildPhase;
			buildActionMask = 2147483647;
			files = (
			);
			runOnlyForDeploymentPostprocessing = 0;
		};
/* End PBXResourcesBuildPhase section */

/* Begin PBXSourcesBuildPhase section */
		FACBF55B2701B5170082A1A2 /* Sources */ = {
			isa = PBXSourcesBuildPhase;
			buildActionMask = 2147483647;
			files = (
				FACBF5652701B5170082A1A2 /* ContentView.swift in Sources */,
				FACBF5632701B5170082A1A2 /* My_First_Card_AppApp.swift in Sources */,
			);
			runOnlyForDeploymentPostprocessing = 0;
		};
		FACBF56C2701B5180082A1A2 /* Sources */ = {
			isa = PBXSourcesBuildPhase;
			buildActionMask = 2147483647;
			files = (
				FACBF5752701B5180082A1A2 /* My_First_Card_AppTests.swift in Sources */,
			);
			runOnlyForDeploymentPostprocessing = 0;
		};
		FACBF5772701B5190082A1A2 /* Sources */ = {
			isa = PBXSourcesBuildPhase;
			buildActionMask = 2147483647;
			files = (
				FACBF5802701B5190082A1A2 /* My_First_Card_AppUITests.swift in Sources */,
			);
			runOnlyForDeploymentPostprocessing = 0;
		};
/* End PBXSourcesBuildPhase section */

/* Begin PBXTargetDependency section */
		FACBF5722701B5180082A1A2 /* PBXTargetDependency */ = {
			isa = PBXTargetDependency;
			target = FACBF55E2701B5170082A1A2 /* My First Card App */;
			targetProxy = FACBF5712701B5180082A1A2 /* PBXContainerItemProxy */;
		};
		FACBF57D2701B5190082A1A2 /* PBXTargetDependency */ = {
			isa = PBXTargetDependency;
			target = FACBF55E2701B5170082A1A2 /* My First Card App */;
			targetProxy = FACBF57C2701B5190082A1A2 /* PBXContainerItemProxy */;
		};
/* End PBXTargetDependency section */

/* Begin XCBuildConfiguration section */
		FACBF5822701B5190082A1A2 /* Debug */ = {
			isa = XCBuildConfiguration;
			buildSettings = {
				ALWAYS_SEARCH_USER_PATHS = NO;
				CLANG_ANALYZER_NONNULL = YES;
				CLANG_ANALYZER_NUMBER_OBJECT_CONVERSION = YES_AGGRESSIVE;
				CLANG_CXX_LANGUAGE_STANDARD = "gnu++14";
				CLANG_CXX_LIBRARY = "libc++";
				CLANG_ENABLE_MODULES = YES;
				CLANG_ENABLE_OBJC_ARC = YES;
				CLANG_ENABLE_OBJC_WEAK = YES;
				CLANG_WARN_BLOCK_CAPTURE_AUTORELEASING = YES;
				CLANG_WARN_BOOL_CONVERSION = YES;
				CLANG_WARN_COMMA = YES;
				CLANG_WARN_CONSTANT_CONVERSION = YES;
				CLANG_WARN_DEPRECATED_OBJC_IMPLEMENTATIONS = YES;
				CLANG_WARN_DIRECT_OBJC_ISA_USAGE = YES_ERROR;
				CLANG_WARN_DOCUMENTATION_COMMENTS = YES;
				CLANG_WARN_EMPTY_BODY = YES;
				CLANG_WARN_ENUM_CONVERSION = YES;
				CLANG_WARN_INFINITE_RECURSION = YES;
				CLANG_WARN_INT_CONVERSION = YES;
				CLANG_WARN_NON_LITERAL_NULL_CONVERSION = YES;
				CLANG_WARN_OBJC_IMPLICIT_RETAIN_SELF = YES;
				CLANG_WARN_OBJC_LITERAL_CONVERSION = YES;
				CLANG_WARN_OBJC_ROOT_CLASS = YES_ERROR;
				CLANG_WARN_QUOTED_INCLUDE_IN_FRAMEWORK_HEADER = YES;
				CLANG_WARN_RANGE_LOOP_ANALYSIS = YES;
				CLANG_WARN_STRICT_PROTOTYPES = YES;
				CLANG_WARN_SUSPICIOUS_MOVE = YES;
				CLANG_WARN_UNGUARDED_AVAILABILITY = YES_AGGRESSIVE;
				CLANG_WARN_UNREACHABLE_CODE = YES;
				CLANG_WARN__DUPLICATE_METHOD_MATCH = YES;
				COPY_PHASE_STRIP = NO;
				DEBUG_INFORMATION_FORMAT = dwarf;
				ENABLE_STRICT_OBJC_MSGSEND = YES;
				ENABLE_TESTABILITY = YES;
				GCC_C_LANGUAGE_STANDARD = gnu11;
				GCC_DYNAMIC_NO_PIC = NO;
				GCC_NO_COMMON_BLOCKS = YES;
				GCC_OPTIMIZATION_LEVEL = 0;
				GCC_PREPROCESSOR_DEFINITIONS = (
					"DEBUG=1",
					"$(inherited)",
				);
				GCC_WARN_64_TO_32_BIT_CONVERSION = YES;
				GCC_WARN_ABOUT_RETURN_TYPE = YES_ERROR;
				GCC_WARN_UNDECLARED_SELECTOR = YES;
				GCC_WARN_UNINITIALIZED_AUTOS = YES_AGGRESSIVE;
				GCC_WARN_UNUSED_FUNCTION = YES;
				GCC_WARN_UNUSED_VARIABLE = YES;
				IPHONEOS_DEPLOYMENT_TARGET = 14.4;
				MTL_ENABLE_DEBUG_INFO = INCLUDE_SOURCE;
				MTL_FAST_MATH = YES;
				ONLY_ACTIVE_ARCH = YES;
				SDKROOT = iphoneos;
				SWIFT_ACTIVE_COMPILATION_CONDITIONS = DEBUG;
				SWIFT_OPTIMIZATION_LEVEL = "-Onone";
			};
			name = Debug;
		};
		FACBF5832701B5190082A1A2 /* Release */ = {
			isa = XCBuildConfiguration;
			buildSettings = {
				ALWAYS_SEARCH_USER_PATHS = NO;
				CLANG_ANALYZER_NONNULL = YES;
				CLANG_ANALYZER_NUMBER_OBJECT_CONVERSION = YES_AGGRESSIVE;
				CLANG_CXX_LANGUAGE_STANDARD = "gnu++14";
				CLANG_CXX_LIBRARY = "libc++";
				CLANG_ENABLE_MODULES = YES;
				CLANG_ENABLE_OBJC_ARC = YES;
				CLANG_ENABLE_OBJC_WEAK = YES;
				CLANG_WARN_BLOCK_CAPTURE_AUTORELEASING = YES;
				CLANG_WARN_BOOL_CONVERSION = YES;
				CLANG_WARN_COMMA = YES;
				CLANG_WARN_CONSTANT_CONVERSION = YES;
				CLANG_WARN_DEPRECATED_OBJC_IMPLEMENTATIONS = YES;
				CLANG_WARN_DIRECT_OBJC_ISA_USAGE = YES_ERROR;
				CLANG_WARN_DOCUMENTATION_COMMENTS = YES;
				CLANG_WARN_EMPTY_BODY = YES;
				CLANG_WARN_ENUM_CONVERSION = YES;
				CLANG_WARN_INFINITE_RECURSION = YES;
				CLANG_WARN_INT_CONVERSION = YES;
				CLANG_WARN_NON_LITERAL_NULL_CONVERSION = YES;
				CLANG_WARN_OBJC_IMPLICIT_RETAIN_SELF = YES;
				CLANG_WARN_OBJC_LITERAL_CONVERSION = YES;
				CLANG_WARN_OBJC_ROOT_CLASS = YES_ERROR;
				CLANG_WARN_QUOTED_INCLUDE_IN_FRAMEWORK_HEADER = YES;
				CLANG_WARN_RANGE_LOOP_ANALYSIS = YES;
				CLANG_WARN_STRICT_PROTOTYPES = YES;
				CLANG_WARN_SUSPICIOUS_MOVE = YES;
				CLANG_WARN_UNGUARDED_AVAILABILITY = YES_AGGRESSIVE;
				CLANG_WARN_UNREACHABLE_CODE = YES;
				CLANG_WARN__DUPLICATE_METHOD_MATCH = YES;
				COPY_PHASE_STRIP = NO;
				DEBUG_INFORMATION_FORMAT = "dwarf-with-dsym";
				ENABLE_NS_ASSERTIONS = NO;
				ENABLE_STRICT_OBJC_MSGSEND = YES;
				GCC_C_LANGUAGE_STANDARD = gnu11;
				GCC_NO_COMMON_BLOCKS = YES;
				GCC_WARN_64_TO_32_BIT_CONVERSION = YES;
				GCC_WARN_ABOUT_RETURN_TYPE = YES_ERROR;
				GCC_WARN_UNDECLARED_SELECTOR = YES;
				GCC_WARN_UNINITIALIZED_AUTOS = YES_AGGRESSIVE;
				GCC_WARN_UNUSED_FUNCTION = YES;
				GCC_WARN_UNUSED_VARIABLE = YES;
				IPHONEOS_DEPLOYMENT_TARGET = 14.4;
				MTL_ENABLE_DEBUG_INFO = NO;
				MTL_FAST_MATH = YES;
				SDKROOT = iphoneos;
				SWIFT_COMPILATION_MODE = wholemodule;
				SWIFT_OPTIMIZATION_LEVEL = "-O";
				VALIDATE_PRODUCT = YES;
			};
			name = Release;
		};
		FACBF5852701B5190082A1A2 /* Debug */ = {
			isa = XCBuildConfiguration;
			buildSettings = {
				ASSETCATALOG_COMPILER_APPICON_NAME = AppIcon;
				ASSETCATALOG_COMPILER_GLOBAL_ACCENT_COLOR_NAME = AccentColor;
				CODE_SIGN_STYLE = Automatic;
				DEVELOPMENT_ASSET_PATHS = "\"My First Card App/Preview Content\"";
				DEVELOPMENT_TEAM = 5882J3SK56;
				ENABLE_PREVIEWS = YES;
				INFOPLIST_FILE = "My First Card App/Info.plist";
				IPHONEOS_DEPLOYMENT_TARGET = 14.0;
				LD_RUNPATH_SEARCH_PATHS = (
					"$(inherited)",
					"@executable_path/Frameworks",
				);
				PRODUCT_BUNDLE_IDENTIFIER = "SWIFT-iOS.My-First-Card-App";
				PRODUCT_NAME = "$(TARGET_NAME)";
				SWIFT_VERSION = 5.0;
				TARGETED_DEVICE_FAMILY = "1,2";
			};
			name = Debug;
		};
		FACBF5862701B5190082A1A2 /* Release */ = {
			isa = XCBuildConfiguration;
			buildSettings = {
				ASSETCATALOG_COMPILER_APPICON_NAME = AppIcon;
				ASSETCATALOG_COMPILER_GLOBAL_ACCENT_COLOR_NAME = AccentColor;
				CODE_SIGN_STYLE = Automatic;
				DEVELOPMENT_ASSET_PATHS = "\"My First Card App/Preview Content\"";
				DEVELOPMENT_TEAM = 5882J3SK56;
				ENABLE_PREVIEWS = YES;
				INFOPLIST_FILE = "My First Card App/Info.plist";
				IPHONEOS_DEPLOYMENT_TARGET = 14.0;
				LD_RUNPATH_SEARCH_PATHS = (
					"$(inherited)",
					"@executable_path/Frameworks",
				);
				PRODUCT_BUNDLE_IDENTIFIER = "SWIFT-iOS.My-First-Card-App";
				PRODUCT_NAME = "$(TARGET_NAME)";
				SWIFT_VERSION = 5.0;
				TARGETED_DEVICE_FAMILY = "1,2";
			};
			name = Release;
		};
		FACBF5882701B5190082A1A2 /* Debug */ = {
			isa = XCBuildConfiguration;
			buildSettings = {
				ALWAYS_EMBED_SWIFT_STANDARD_LIBRARIES = YES;
				BUNDLE_LOADER = "$(TEST_HOST)";
				CODE_SIGN_STYLE = Automatic;
				DEVELOPMENT_TEAM = 5882J3SK56;
				INFOPLIST_FILE = "My First Card AppTests/Info.plist";
				IPHONEOS_DEPLOYMENT_TARGET = 14.0;
				LD_RUNPATH_SEARCH_PATHS = (
					"$(inherited)",
					"@executable_path/Frameworks",
					"@loader_path/Frameworks",
				);
				PRODUCT_BUNDLE_IDENTIFIER = "SWIFT-iOS.My-First-Card-AppTests";
				PRODUCT_NAME = "$(TARGET_NAME)";
				SWIFT_VERSION = 5.0;
				TARGETED_DEVICE_FAMILY = "1,2";
				TEST_HOST = "$(BUILT_PRODUCTS_DIR)/My First Card App.app/My First Card App";
			};
			name = Debug;
		};
		FACBF5892701B5190082A1A2 /* Release */ = {
			isa = XCBuildConfiguration;
			buildSettings = {
				ALWAYS_EMBED_SWIFT_STANDARD_LIBRARIES = YES;
				BUNDLE_LOADER = "$(TEST_HOST)";
				CODE_SIGN_STYLE = Automatic;
				DEVELOPMENT_TEAM = 5882J3SK56;
				INFOPLIST_FILE = "My First Card AppTests/Info.plist";
				IPHONEOS_DEPLOYMENT_TARGET = 14.0;
				LD_RUNPATH_SEARCH_PATHS = (
					"$(inherited)",
					"@executable_path/Frameworks",
					"@loader_path/Frameworks",
				);
				PRODUCT_BUNDLE_IDENTIFIER = "SWIFT-iOS.My-First-Card-AppTests";
				PRODUCT_NAME = "$(TARGET_NAME)";
				SWIFT_VERSION = 5.0;
				TARGETED_DEVICE_FAMILY = "1,2";
				TEST_HOST = "$(BUILT_PRODUCTS_DIR)/My First Card App.app/My First Card App";
			};
			name = Release;
		};
		FACBF58B2701B5190082A1A2 /* Debug */ = {
			isa = XCBuildConfiguration;
			buildSettings = {
				ALWAYS_EMBED_SWIFT_STANDARD_LIBRARIES = YES;
				CODE_SIGN_STYLE = Automatic;
				DEVELOPMENT_TEAM = 5882J3SK56;
				INFOPLIST_FILE = "My First Card AppUITests/Info.plist";
				LD_RUNPATH_SEARCH_PATHS = (
					"$(inherited)",
					"@executable_path/Frameworks",
					"@loader_path/Frameworks",
				);
				PRODUCT_BUNDLE_IDENTIFIER = "SWIFT-iOS.My-First-Card-AppUITests";
				PRODUCT_NAME = "$(TARGET_NAME)";
				SWIFT_VERSION = 5.0;
				TARGETED_DEVICE_FAMILY = "1,2";
				TEST_TARGET_NAME = "My First Card App";
			};
			name = Debug;
		};
		FACBF58C2701B5190082A1A2 /* Release */ = {
			isa = XCBuildConfiguration;
			buildSettings = {
				ALWAYS_EMBED_SWIFT_STANDARD_LIBRARIES = YES;
				CODE_SIGN_STYLE = Automatic;
				DEVELOPMENT_TEAM = 5882J3SK56;
				INFOPLIST_FILE = "My First Card AppUITests/Info.plist";
				LD_RUNPATH_SEARCH_PATHS = (
					"$(inherited)",
					"@executable_path/Frameworks",
					"@loader_path/Frameworks",
				);
				PRODUCT_BUNDLE_IDENTIFIER = "SWIFT-iOS.My-First-Card-AppUITests";
				PRODUCT_NAME = "$(TARGET_NAME)";
				SWIFT_VERSION = 5.0;
				TARGETED_DEVICE_FAMILY = "1,2";
				TEST_TARGET_NAME = "My First Card App";
			};
			name = Release;
		};
/* End XCBuildConfiguration section */

/* Begin XCConfigurationList section */
		FACBF55A2701B5170082A1A2 /* Build configuration list for PBXProject "My First Card App" */ = {
			isa = XCConfigurationList;
			buildConfigurations = (
				FACBF5822701B5190082A1A2 /* Debug */,
				FACBF5832701B5190082A1A2 /* Release */,
			);
			defaultConfigurationIsVisible = 0;
			defaultConfigurationName = Release;
		};
		FACBF5842701B5190082A1A2 /* Build configuration list for PBXNativeTarget "My First Card App" */ = {
			isa = XCConfigurationList;
			buildConfigurations = (
				FACBF5852701B5190082A1A2 /* Debug */,
				FACBF5862701B5190082A1A2 /* Release */,
			);
			defaultConfigurationIsVisible = 0;
			defaultConfigurationName = Release;
		};
		FACBF5872701B5190082A1A2 /* Build configuration list for PBXNativeTarget "My First Card AppTests" */ = {
			isa = XCConfigurationList;
			buildConfigurations = (
				FACBF5882701B5190082A1A2 /* Debug */,
				FACBF5892701B5190082A1A2 /* Release */,
			);
			defaultConfigurationIsVisible = 0;
			defaultConfigurationName = Release;
		};
		FACBF58A2701B5190082A1A2 /* Build configuration list for PBXNativeTarget "My First Card AppUITests" */ = {
			isa = XCConfigurationList;
			buildConfigurations = (
				FACBF58B2701B5190082A1A2 /* Debug */,
				FACBF58C2701B5190082A1A2 /* Release */,
			);
			defaultConfigurationIsVisible = 0;
			defaultConfigurationName = Release;
		};
/* End XCConfigurationList section */
	};
	rootObject = FACBF5572701B5170082A1A2 /* Project object */;
}
